
Microsoft Visual Studio Solution File, Format Version 12.00
# Visual Studio Version 17
VisualStudioVersion = 17.0.32112.339
MinimumVisualStudioVersion = 10.0.40219.1
Project("{9A19103F-16F7-4668-BE54-9A1E7A4F7556}") = "BugTracker", "BugTracker\BugTracker.csproj", "{589E7E7E-6EA3-4BBA-A5D5-D1CAD3653BF5}"
EndProject
Global
	GlobalSection(SolutionConfigurationPlatforms) = preSolution
		Debug|Any CPU = Debug|Any CPU
		Debug|ARM64 = Debug|ARM64
		Release|Any CPU = Release|Any CPU
		Release|ARM64 = Release|ARM64
	EndGlobalSection
	GlobalSection(ProjectConfigurationPlatforms) = postSolution
		{589E7E7E-6EA3-4BBA-A5D5-D1CAD3653BF5}.Debug|Any CPU.ActiveCfg = Debug|Any CPU
		{589E7E7E-6EA3-4BBA-A5D5-D1CAD3653BF5}.Debug|Any CPU.Build.0 = Debug|Any CPU
		{589E7E7E-6EA3-4BBA-A5D5-D1CAD3653BF5}.Debug|ARM64.ActiveCfg = Debug|ARM64
		{589E7E7E-6EA3-4BBA-A5D5-D1CAD3653BF5}.Debug|ARM64.Build.0 = Debug|ARM64
		{589E7E7E-6EA3-4BBA-A5D5-D1CAD3653BF5}.Release|Any CPU.ActiveCfg = Release|Any CPU
		{589E7E7E-6EA3-4BBA-A5D5-D1CAD3653BF5}.Release|Any CPU.Build.0 = Release|Any CPU
		{589E7E7E-6EA3-4BBA-A5D5-D1CAD3653BF5}.Release|ARM64.ActiveCfg = Release|ARM64
		{589E7E7E-6EA3-4BBA-A5D5-D1CAD3653BF5}.Release|ARM64.Build.0 = Release|ARM64
	EndGlobalSection
	GlobalSection(SolutionProperties) = preSolution
		HideSolutionNode = FALSE
	EndGlobalSection
	GlobalSection(ExtensibilityGlobals) = postSolution
		SolutionGuid = {4621ACCA-2C9D-4317-A462-90A5909729D5}
	EndGlobalSection
EndGlobal
